
Microsoft Visual Studio Solution File, Format Version 12.00
# Visual Studio Version 16
VisualStudioVersion = 16.0.30114.105
MinimumVisualStudioVersion = 10.0.40219.1
Project("{FAE04EC0-301F-11D3-BF4B-00C04F79EFBC}") = "ProEventos.Application", "ProEventos.Application\ProEventos.Application.csproj", "{3588A26E-684D-4CAD-A6B7-3424D0B10F57}"
EndProject
Project("{FAE04EC0-301F-11D3-BF4B-00C04F79EFBC}") = "ProEventos.Domain", "ProEventos.Domain\ProEventos.Domain.csproj", "{EDB34773-A9AC-4E07-B6B7-A10D5AD51151}"
EndProject
Project("{FAE04EC0-301F-11D3-BF4B-00C04F79EFBC}") = "ProEventos.Persistence", "ProEventos.Persistence\ProEventos.Persistence.csproj", "{6B7D1435-E5D5-41C6-AA59-133F65C66CF3}"
EndProject
Project("{FAE04EC0-301F-11D3-BF4B-00C04F79EFBC}") = "ProEventos.API", "ProEventos.API\ProEventos.API.csproj", "{64D237E4-3903-4EDC-B0B2-DC2F08DEFF7F}"
EndProject
Global
	GlobalSection(SolutionConfigurationPlatforms) = preSolution
		Debug|Any CPU = Debug|Any CPU
		Debug|x64 = Debug|x64
		Debug|x86 = Debug|x86
		Release|Any CPU = Release|Any CPU
		Release|x64 = Release|x64
		Release|x86 = Release|x86
	EndGlobalSection
	GlobalSection(SolutionProperties) = preSolution
		HideSolutionNode = FALSE
	EndGlobalSection
	GlobalSection(ProjectConfigurationPlatforms) = postSolution
		{3588A26E-684D-4CAD-A6B7-3424D0B10F57}.Debug|Any CPU.ActiveCfg = Debug|Any CPU
		{3588A26E-684D-4CAD-A6B7-3424D0B10F57}.Debug|Any CPU.Build.0 = Debug|Any CPU
		{3588A26E-684D-4CAD-A6B7-3424D0B10F57}.Debug|x64.ActiveCfg = Debug|Any CPU
		{3588A26E-684D-4CAD-A6B7-3424D0B10F57}.Debug|x64.Build.0 = Debug|Any CPU
		{3588A26E-684D-4CAD-A6B7-3424D0B10F57}.Debug|x86.ActiveCfg = Debug|Any CPU
		{3588A26E-684D-4CAD-A6B7-3424D0B10F57}.Debug|x86.Build.0 = Debug|Any CPU
		{3588A26E-684D-4CAD-A6B7-3424D0B10F57}.Release|Any CPU.ActiveCfg = Release|Any CPU
		{3588A26E-684D-4CAD-A6B7-3424D0B10F57}.Release|Any CPU.Build.0 = Release|Any CPU
		{3588A26E-684D-4CAD-A6B7-3424D0B10F57}.Release|x64.ActiveCfg = Release|Any CPU
		{3588A26E-684D-4CAD-A6B7-3424D0B10F57}.Release|x64.Build.0 = Release|Any CPU
		{3588A26E-684D-4CAD-A6B7-3424D0B10F57}.Release|x86.ActiveCfg = Release|Any CPU
		{3588A26E-684D-4CAD-A6B7-3424D0B10F57}.Release|x86.Build.0 = Release|Any CPU
		{EDB34773-A9AC-4E07-B6B7-A10D5AD51151}.Debug|Any CPU.ActiveCfg = Debug|Any CPU
		{EDB34773-A9AC-4E07-B6B7-A10D5AD51151}.Debug|Any CPU.Build.0 = Debug|Any CPU
		{EDB34773-A9AC-4E07-B6B7-A10D5AD51151}.Debug|x64.ActiveCfg = Debug|Any CPU
		{EDB34773-A9AC-4E07-B6B7-A10D5AD51151}.Debug|x64.Build.0 = Debug|Any CPU
		{EDB34773-A9AC-4E07-B6B7-A10D5AD51151}.Debug|x86.ActiveCfg = Debug|Any CPU
		{EDB34773-A9AC-4E07-B6B7-A10D5AD51151}.Debug|x86.Build.0 = Debug|Any CPU
		{EDB34773-A9AC-4E07-B6B7-A10D5AD51151}.Release|Any CPU.ActiveCfg = Release|Any CPU
		{EDB34773-A9AC-4E07-B6B7-A10D5AD51151}.Release|Any CPU.Build.0 = Release|Any CPU
		{EDB34773-A9AC-4E07-B6B7-A10D5AD51151}.Release|x64.ActiveCfg = Release|Any CPU
		{EDB34773-A9AC-4E07-B6B7-A10D5AD51151}.Release|x64.Build.0 = Release|Any CPU
		{EDB34773-A9AC-4E07-B6B7-A10D5AD51151}.Release|x86.ActiveCfg = Release|Any CPU
		{EDB34773-A9AC-4E07-B6B7-A10D5AD51151}.Release|x86.Build.0 = Release|Any CPU
		{6B7D1435-E5D5-41C6-AA59-133F65C66CF3}.Debug|Any CPU.ActiveCfg = Debug|Any CPU
		{6B7D1435-E5D5-41C6-AA59-133F65C66CF3}.Debug|Any CPU.Build.0 = Debug|Any CPU
		{6B7D1435-E5D5-41C6-AA59-133F65C66CF3}.Debug|x64.ActiveCfg = Debug|Any CPU
		{6B7D1435-E5D5-41C6-AA59-133F65C66CF3}.Debug|x64.Build.0 = Debug|Any CPU
		{6B7D1435-E5D5-41C6-AA59-133F65C66CF3}.Debug|x86.ActiveCfg = Debug|Any CPU
		{6B7D1435-E5D5-41C6-AA59-133F65C66CF3}.Debug|x86.Build.0 = Debug|Any CPU
		{6B7D1435-E5D5-41C6-AA59-133F65C66CF3}.Release|Any CPU.ActiveCfg = Release|Any CPU
		{6B7D1435-E5D5-41C6-AA59-133F65C66CF3}.Release|Any CPU.Build.0 = Release|Any CPU
		{6B7D1435-E5D5-41C6-AA59-133F65C66CF3}.Release|x64.ActiveCfg = Release|Any CPU
		{6B7D1435-E5D5-41C6-AA59-133F65C66CF3}.Release|x64.Build.0 = Release|Any CPU
		{6B7D1435-E5D5-41C6-AA59-133F65C66CF3}.Release|x86.ActiveCfg = Release|Any CPU
		{6B7D1435-E5D5-41C6-AA59-133F65C66CF3}.Release|x86.Build.0 = Release|Any CPU
		{64D237E4-3903-4EDC-B0B2-DC2F08DEFF7F}.Debug|Any CPU.ActiveCfg = Debug|Any CPU
		{64D237E4-3903-4EDC-B0B2-DC2F08DEFF7F}.Debug|Any CPU.Build.0 = Debug|Any CPU
		{64D237E4-3903-4EDC-B0B2-DC2F08DEFF7F}.Debug|x64.ActiveCfg = Debug|Any CPU
		{64D237E4-3903-4EDC-B0B2-DC2F08DEFF7F}.Debug|x64.Build.0 = Debug|Any CPU
		{64D237E4-3903-4EDC-B0B2-DC2F08DEFF7F}.Debug|x86.ActiveCfg = Debug|Any CPU
		{64D237E4-3903-4EDC-B0B2-DC2F08DEFF7F}.Debug|x86.Build.0 = Debug|Any CPU
		{64D237E4-3903-4EDC-B0B2-DC2F08DEFF7F}.Release|Any CPU.ActiveCfg = Release|Any CPU
		{64D237E4-3903-4EDC-B0B2-DC2F08DEFF7F}.Release|Any CPU.Build.0 = Release|Any CPU
		{64D237E4-3903-4EDC-B0B2-DC2F08DEFF7F}.Release|x64.ActiveCfg = Release|Any CPU
		{64D237E4-3903-4EDC-B0B2-DC2F08DEFF7F}.Release|x64.Build.0 = Release|Any CPU
		{64D237E4-3903-4EDC-B0B2-DC2F08DEFF7F}.Release|x86.ActiveCfg = Release|Any CPU
		{64D237E4-3903-4EDC-B0B2-DC2F08DEFF7F}.Release|x86.Build.0 = Release|Any CPU
	EndGlobalSection
EndGlobal
